"@rocket.chat/ai-utils@workspace:packages/ai-utils":
  version: 0.0.0-use.local
  resolution: "@rocket.chat/ai-utils@workspace:packages/ai-utils"
  dependencies:
    sentiment: "npm:^5.0.2"
  languageName: unknown
  linkType: soft

"sentiment@npm:^5.0.2":
  version: 5.0.2
  resolution: "sentiment@npm:5.0.2"
  checksum: 10/a21ff08310743452837758dd246ece0f7cf0a43068fb85ac856cfbfd1169d800247d23f6e5cc6a7a7f07c76133f1ddbd158aaad9b08a8dbe843988fa365e01d5
  languageName: node
  linkType: hard

